
Microsoft Visual Studio Solution File, Format Version 12.00
# Visual Studio Version 17
VisualStudioVersion = 17.14.36623.8 d17.14
MinimumVisualStudioVersion = 10.0.40219.1
Project("{FAE04EC0-301F-11D3-BF4B-00C04F79EFBC}") = "UrlShortenerApi", "UrlShortenerApi.csproj", "{FC089206-6ABB-4DCF-A0FB-4C5FC72F24F5}"
EndProject
Global
	GlobalSection(SolutionConfigurationPlatforms) = preSolution
		Debug|Any CPU = Debug|Any CPU
		Release|Any CPU = Release|Any CPU
	EndGlobalSection
	GlobalSection(ProjectConfigurationPlatforms) = postSolution
		{FC089206-6ABB-4DCF-A0FB-4C5FC72F24F5}.Debug|Any CPU.ActiveCfg = Debug|Any CPU
		{FC089206-6ABB-4DCF-A0FB-4C5FC72F24F5}.Debug|Any CPU.Build.0 = Debug|Any CPU
		{FC089206-6ABB-4DCF-A0FB-4C5FC72F24F5}.Release|Any CPU.ActiveCfg = Release|Any CPU
		{FC089206-6ABB-4DCF-A0FB-4C5FC72F24F5}.Release|Any CPU.Build.0 = Release|Any CPU
	EndGlobalSection
	GlobalSection(SolutionProperties) = preSolution
		HideSolutionNode = FALSE
	EndGlobalSection
	GlobalSection(ExtensibilityGlobals) = postSolution
		SolutionGuid = {A986EA7E-7EF2-4489-A389-0226CA09AD3E}
	EndGlobalSection
EndGlobal
